# This file is automatically @generated by Cargo.
# It is not intended for manual editing.
version = 3

[[package]]
name = "lazaret-engine"
version = "0.1.9"
dependencies = [
 "lazaret-verify",
]

[[package]]
name = "lazaret-ffi"
version = "0.1.9"
dependencies = [
 "lazaret-engine",
 "lazaret-net",
 "lazaret-verify",
]

[[package]]
name = "lazaret-net"
version = "0.1.9"
dependencies = [
 "pratique",
]

[[package]]
name = "lazaret-verify"
version = "0.1.9"
dependencies = [
 "pratique",
]

[[package]]
name = "pratique"
version = "0.1.0"
